{
  "name": "epub",
  "version": "1.0.5",
  "lockfileVersion": 2,
  "requires": true,
  "packages": {
    "": {
      "name": "epub",
      "version": "1.0.5",
      "license": "MPL-2.0",
      "bin": {
        "patch-release": "npm version patch && npm publish && git push --follow-tags",
        "test": "index.js"
      }
    }
  }
}
